// !$*UTF8*$!
{
	archiveVersion = 1;
	classes = {
	};
	objectVersion = 46;
	objects = {

/* Begin PBXBuildFile section */
		5A2518241A170F1600FB15D9 /* main.m in Sources */ = {isa = PBXBuildFile; fileRef = 5A2518231A170F1600FB15D9 /* main.m */; };
		5A2518271A170F1600FB15D9 /* AppDelegate.m in Sources */ = {isa = PBXBuildFile; fileRef = 5A2518261A170F1600FB15D9 /* AppDelegate.m */; };
		5A25182D1A170F1600FB15D9 /* ContainerViewController.m in Sources */ = {isa = PBXBuildFile; fileRef = 5A25182C1A170F1600FB15D9 /* ContainerViewController.m */; };
		5A2518321A170F1600FB15D9 /* Images.xcassets in Resources */ = {isa = PBXBuildFile; fileRef = 5A2518311A170F1600FB15D9 /* Images.xcassets */; };
		5A2518351A170F1600FB15D9 /* LaunchScreen.xib in Resources */ = {isa = PBXBuildFile; fileRef = 5A2518331A170F1600FB15D9 /* LaunchScreen.xib */; };
		5A2518411A170F1600FB15D9 /* ConnectTests.m in Sources */ = {isa = PBXBuildFile; fileRef = 5A2518401A170F1600FB15D9 /* ConnectTests.m */; };
		5A2518AB1A17CFC500FB15D9 /* PhoneNumberViewController.m in Sources */ = {isa = PBXBuildFile; fileRef = 5A2518AA1A17CFC500FB15D9 /* PhoneNumberViewController.m */; };
		9A268BD61A172DBA004F23D5 /* PageContentViewController.m in Sources */ = {isa = PBXBuildFile; fileRef = 9A268BD51A172DBA004F23D5 /* PageContentViewController.m */; };
		9A52581D1A17A40B00945A37 /* Storyboard.storyboard in Resources */ = {isa = PBXBuildFile; fileRef = 9A52581C1A17A40B00945A37 /* Storyboard.storyboard */; };
		9A5258201A17A53800945A37 /* CenterPageContentViewController.m in Sources */ = {isa = PBXBuildFile; fileRef = 9A52581F1A17A53800945A37 /* CenterPageContentViewController.m */; };
		9A76BC7C1A17ACDD005988BF /* FirstLaunchViewController.m in Sources */ = {isa = PBXBuildFile; fileRef = 9A76BC7B1A17ACDD005988BF /* FirstLaunchViewController.m */; };
		9A76BC7E1A17BA1B005988BF /* FacebookSDK.framework in Frameworks */ = {isa = PBXBuildFile; fileRef = 9A76BC7D1A17BA1B005988BF /* FacebookSDK.framework */; };
		9A76BC831A17C156005988BF /* Parse.framework in Frameworks */ = {isa = PBXBuildFile; fileRef = 9A76BC811A17C156005988BF /* Parse.framework */; };
		9A76BC841A17C156005988BF /* ParseFacebookUtils.framework in Frameworks */ = {isa = PBXBuildFile; fileRef = 9A76BC821A17C156005988BF /* ParseFacebookUtils.framework */; };
		EC7795181A1718AD00A82581 /* Bolts.framework in Frameworks */ = {isa = PBXBuildFile; fileRef = EC7795171A1718AD00A82581 /* Bolts.framework */; };
		EC77951C1A17190E00A82581 /* AudioToolbox.framework in Frameworks */ = {isa = PBXBuildFile; fileRef = EC77951B1A17190E00A82581 /* AudioToolbox.framework */; };
		EC77951E1A17191300A82581 /* CFNetwork.framework in Frameworks */ = {isa = PBXBuildFile; fileRef = EC77951D1A17191300A82581 /* CFNetwork.framework */; };
		EC7795201A17191800A82581 /* CoreGraphics.framework in Frameworks */ = {isa = PBXBuildFile; fileRef = EC77951F1A17191800A82581 /* CoreGraphics.framework */; };
		EC7795221A17191D00A82581 /* CoreLocation.framework in Frameworks */ = {isa = PBXBuildFile; fileRef = EC7795211A17191D00A82581 /* CoreLocation.framework */; };
		EC7795241A17192600A82581 /* libz.dylib in Frameworks */ = {isa = PBXBuildFile; fileRef = EC7795231A17192600A82581 /* libz.dylib */; };
		EC7795261A17192D00A82581 /* MobileCoreServices.framework in Frameworks */ = {isa = PBXBuildFile; fileRef = EC7795251A17192D00A82581 /* MobileCoreServices.framework */; };
		EC7795281A17193200A82581 /* QuartzCore.framework in Frameworks */ = {isa = PBXBuildFile; fileRef = EC7795271A17193200A82581 /* QuartzCore.framework */; };
		EC77952A1A17193700A82581 /* Security.framework in Frameworks */ = {isa = PBXBuildFile; fileRef = EC7795291A17193700A82581 /* Security.framework */; };
		EC77952C1A17193C00A82581 /* StoreKit.framework in Frameworks */ = {isa = PBXBuildFile; fileRef = EC77952B1A17193C00A82581 /* StoreKit.framework */; };
		EC77952E1A17194300A82581 /* SystemConfiguration.framework in Frameworks */ = {isa = PBXBuildFile; fileRef = EC77952D1A17194300A82581 /* SystemConfiguration.framework */; };
/* End PBXBuildFile section */

/* Begin PBXContainerItemProxy section */
		5A25183B1A170F1600FB15D9 /* PBXContainerItemProxy */ = {
			isa = PBXContainerItemProxy;
			containerPortal = 5A2518161A170F1600FB15D9 /* Project object */;
			proxyType = 1;
			remoteGlobalIDString = 5A25181D1A170F1600FB15D9;
			remoteInfo = Connect;
		};
/* End PBXContainerItemProxy section */

/* Begin PBXFileReference section */
		5A25181E1A170F1600FB15D9 /* Connect.app */ = {isa = PBXFileReference; explicitFileType = wrapper.application; includeInIndex = 0; path = Connect.app; sourceTree = BUILT_PRODUCTS_DIR; };
		5A2518221A170F1600FB15D9 /* Info.plist */ = {isa = PBXFileReference; lastKnownFileType = text.plist.xml; path = Info.plist; sourceTree = "<group>"; };
		5A2518231A170F1600FB15D9 /* main.m */ = {isa = PBXFileReference; lastKnownFileType = sourcecode.c.objc; path = main.m; sourceTree = "<group>"; };
		5A2518251A170F1600FB15D9 /* AppDelegate.h */ = {isa = PBXFileReference; lastKnownFileType = sourcecode.c.h; path = AppDelegate.h; sourceTree = "<group>"; };
		5A2518261A170F1600FB15D9 /* AppDelegate.m */ = {isa = PBXFileReference; lastKnownFileType = sourcecode.c.objc; path = AppDelegate.m; sourceTree = "<group>"; };
		5A25182B1A170F1600FB15D9 /* ContainerViewController.h */ = {isa = PBXFileReference; lastKnownFileType = sourcecode.c.h; path = ContainerViewController.h; sourceTree = "<group>"; };
		5A25182C1A170F1600FB15D9 /* ContainerViewController.m */ = {isa = PBXFileReference; lastKnownFileType = sourcecode.c.objc; path = ContainerViewController.m; sourceTree = "<group>"; };
		5A2518311A170F1600FB15D9 /* Images.xcassets */ = {isa = PBXFileReference; lastKnownFileType = folder.assetcatalog; path = Images.xcassets; sourceTree = "<group>"; };
		5A2518341A170F1600FB15D9 /* Base */ = {isa = PBXFileReference; lastKnownFileType = file.xib; name = Base; path = Base.lproj/LaunchScreen.xib; sourceTree = "<group>"; };
		5A25183A1A170F1600FB15D9 /* ConnectTests.xctest */ = {isa = PBXFileReference; explicitFileType = wrapper.cfbundle; includeInIndex = 0; path = ConnectTests.xctest; sourceTree = BUILT_PRODUCTS_DIR; };
		5A25183F1A170F1600FB15D9 /* Info.plist */ = {isa = PBXFileReference; lastKnownFileType = text.plist.xml; path = Info.plist; sourceTree = "<group>"; };
		5A2518401A170F1600FB15D9 /* ConnectTests.m */ = {isa = PBXFileReference; lastKnownFileType = sourcecode.c.objc; path = ConnectTests.m; sourceTree = "<group>"; };
		5A2518A91A17CFC500FB15D9 /* PhoneNumberViewController.h */ = {isa = PBXFileReference; fileEncoding = 4; lastKnownFileType = sourcecode.c.h; path = PhoneNumberViewController.h; sourceTree = "<group>"; };
		5A2518AA1A17CFC500FB15D9 /* PhoneNumberViewController.m */ = {isa = PBXFileReference; fileEncoding = 4; lastKnownFileType = sourcecode.c.objc; path = PhoneNumberViewController.m; sourceTree = "<group>"; };
		9A268BD41A172DBA004F23D5 /* PageContentViewController.h */ = {isa = PBXFileReference; fileEncoding = 4; lastKnownFileType = sourcecode.c.h; path = PageContentViewController.h; sourceTree = "<group>"; };
		9A268BD51A172DBA004F23D5 /* PageContentViewController.m */ = {isa = PBXFileReference; fileEncoding = 4; lastKnownFileType = sourcecode.c.objc; path = PageContentViewController.m; sourceTree = "<group>"; };
		9A52581C1A17A40B00945A37 /* Storyboard.storyboard */ = {isa = PBXFileReference; fileEncoding = 4; lastKnownFileType = file.storyboard; path = Storyboard.storyboard; sourceTree = "<group>"; };
		9A52581E1A17A53800945A37 /* CenterPageContentViewController.h */ = {isa = PBXFileReference; fileEncoding = 4; lastKnownFileType = sourcecode.c.h; path = CenterPageContentViewController.h; sourceTree = "<group>"; };
		9A52581F1A17A53800945A37 /* CenterPageContentViewController.m */ = {isa = PBXFileReference; fileEncoding = 4; lastKnownFileType = sourcecode.c.objc; path = CenterPageContentViewController.m; sourceTree = "<group>"; };
		9A76BC7A1A17ACDD005988BF /* FirstLaunchViewController.h */ = {isa = PBXFileReference; fileEncoding = 4; lastKnownFileType = sourcecode.c.h; path = FirstLaunchViewController.h; sourceTree = "<group>"; };
		9A76BC7B1A17ACDD005988BF /* FirstLaunchViewController.m */ = {isa = PBXFileReference; fileEncoding = 4; lastKnownFileType = sourcecode.c.objc; path = FirstLaunchViewController.m; sourceTree = "<group>"; };
		9A76BC7D1A17BA1B005988BF /* FacebookSDK.framework */ = {isa = PBXFileReference; lastKnownFileType = wrapper.framework; path = FacebookSDK.framework; sourceTree = "<group>"; };
		9A76BC811A17C156005988BF /* Parse.framework */ = {isa = PBXFileReference; lastKnownFileType = wrapper.framework; path = Parse.framework; sourceTree = "<group>"; };
		9A76BC821A17C156005988BF /* ParseFacebookUtils.framework */ = {isa = PBXFileReference; lastKnownFileType = wrapper.framework; path = ParseFacebookUtils.framework; sourceTree = "<group>"; };
		EC7795171A1718AD00A82581 /* Bolts.framework */ = {isa = PBXFileReference; lastKnownFileType = wrapper.framework; path = Bolts.framework; sourceTree = "<group>"; };
		EC77951B1A17190E00A82581 /* AudioToolbox.framework */ = {isa = PBXFileReference; lastKnownFileType = wrapper.framework; name = AudioToolbox.framework; path = System/Library/Frameworks/AudioToolbox.framework; sourceTree = SDKROOT; };
		EC77951D1A17191300A82581 /* CFNetwork.framework */ = {isa = PBXFileReference; lastKnownFileType = wrapper.framework; name = CFNetwork.framework; path = System/Library/Frameworks/CFNetwork.framework; sourceTree = SDKROOT; };
		EC77951F1A17191800A82581 /* CoreGraphics.framework */ = {isa = PBXFileReference; lastKnownFileType = wrapper.framework; name = CoreGraphics.framework; path = System/Library/Frameworks/CoreGraphics.framework; sourceTree = SDKROOT; };
		EC7795211A17191D00A82581 /* CoreLocation.framework */ = {isa = PBXFileReference; lastKnownFileType = wrapper.framework; name = CoreLocation.framework; path = System/Library/Frameworks/CoreLocation.framework; sourceTree = SDKROOT; };
		EC7795231A17192600A82581 /* libz.dylib */ = {isa = PBXFileReference; lastKnownFileType = "compiled.mach-o.dylib"; name = libz.dylib; path = usr/lib/libz.dylib; sourceTree = SDKROOT; };
		EC7795251A17192D00A82581 /* MobileCoreServices.framework */ = {isa = PBXFileReference; lastKnownFileType = wrapper.framework; name = MobileCoreServices.framework; path = System/Library/Frameworks/MobileCoreServices.framework; sourceTree = SDKROOT; };
		EC7795271A17193200A82581 /* QuartzCore.framework */ = {isa = PBXFileReference; lastKnownFileType = wrapper.framework; name = QuartzCore.framework; path = System/Library/Frameworks/QuartzCore.framework; sourceTree = SDKROOT; };
		EC7795291A17193700A82581 /* Security.framework */ = {isa = PBXFileReference; lastKnownFileType = wrapper.framework; name = Security.framework; path = System/Library/Frameworks/Security.framework; sourceTree = SDKROOT; };
		EC77952B1A17193C00A82581 /* StoreKit.framework */ = {isa = PBXFileReference; lastKnownFileType = wrapper.framework; name = StoreKit.framework; path = System/Library/Frameworks/StoreKit.framework; sourceTree = SDKROOT; };
		EC77952D1A17194300A82581 /* SystemConfiguration.framework */ = {isa = PBXFileReference; lastKnownFileType = wrapper.framework; name = SystemConfiguration.framework; path = System/Library/Frameworks/SystemConfiguration.framework; sourceTree = SDKROOT; };
/* End PBXFileReference section */

/* Begin PBXFrameworksBuildPhase section */
		5A25181B1A170F1600FB15D9 /* Frameworks */ = {
			isa = PBXFrameworksBuildPhase;
			buildActionMask = 2147483647;
			files = (
				9A76BC841A17C156005988BF /* ParseFacebookUtils.framework in Frameworks */,
				EC77952E1A17194300A82581 /* SystemConfiguration.framework in Frameworks */,
				EC77952C1A17193C00A82581 /* StoreKit.framework in Frameworks */,
				EC77952A1A17193700A82581 /* Security.framework in Frameworks */,
				EC7795281A17193200A82581 /* QuartzCore.framework in Frameworks */,
				EC7795261A17192D00A82581 /* MobileCoreServices.framework in Frameworks */,
				EC7795241A17192600A82581 /* libz.dylib in Frameworks */,
				9A76BC831A17C156005988BF /* Parse.framework in Frameworks */,
				EC7795221A17191D00A82581 /* CoreLocation.framework in Frameworks */,
				EC7795201A17191800A82581 /* CoreGraphics.framework in Frameworks */,
				EC77951E1A17191300A82581 /* CFNetwork.framework in Frameworks */,
				EC77951C1A17190E00A82581 /* AudioToolbox.framework in Frameworks */,
				EC7795181A1718AD00A82581 /* Bolts.framework in Frameworks */,
				9A76BC7E1A17BA1B005988BF /* FacebookSDK.framework in Frameworks */,
			);
			runOnlyForDeploymentPostprocessing = 0;
		};
		5A2518371A170F1600FB15D9 /* Frameworks */ = {
			isa = PBXFrameworksBuildPhase;
			buildActionMask = 2147483647;
			files = (
			);
			runOnlyForDeploymentPostprocessing = 0;
		};
/* End PBXFrameworksBuildPhase section */

/* Begin PBXGroup section */
		5A2518151A170F1600FB15D9 = {
			isa = PBXGroup;
			children = (
				9A76BC811A17C156005988BF /* Parse.framework */,
				9A76BC821A17C156005988BF /* ParseFacebookUtils.framework */,
				EC77952D1A17194300A82581 /* SystemConfiguration.framework */,
				EC77952B1A17193C00A82581 /* StoreKit.framework */,
				EC7795291A17193700A82581 /* Security.framework */,
				EC7795271A17193200A82581 /* QuartzCore.framework */,
				EC7795251A17192D00A82581 /* MobileCoreServices.framework */,
				EC7795231A17192600A82581 /* libz.dylib */,
				9A76BC7D1A17BA1B005988BF /* FacebookSDK.framework */,
				EC7795211A17191D00A82581 /* CoreLocation.framework */,
				EC77951F1A17191800A82581 /* CoreGraphics.framework */,
				EC77951D1A17191300A82581 /* CFNetwork.framework */,
				EC77951B1A17190E00A82581 /* AudioToolbox.framework */,
				EC7795171A1718AD00A82581 /* Bolts.framework */,
				5A2518201A170F1600FB15D9 /* Connect */,
				5A25183D1A170F1600FB15D9 /* ConnectTests */,
				5A25181F1A170F1600FB15D9 /* Products */,
			);
			sourceTree = "<group>";
		};
		5A25181F1A170F1600FB15D9 /* Products */ = {
			isa = PBXGroup;
			children = (
				5A25181E1A170F1600FB15D9 /* Connect.app */,
				5A25183A1A170F1600FB15D9 /* ConnectTests.xctest */,
			);
			name = Products;
			sourceTree = "<group>";
		};
		5A2518201A170F1600FB15D9 /* Connect */ = {
			isa = PBXGroup;
			children = (
				5A2518251A170F1600FB15D9 /* AppDelegate.h */,
				5A2518261A170F1600FB15D9 /* AppDelegate.m */,
				5A25182B1A170F1600FB15D9 /* ContainerViewController.h */,
				5A25182C1A170F1600FB15D9 /* ContainerViewController.m */,
				9A268BD41A172DBA004F23D5 /* PageContentViewController.h */,
				9A268BD51A172DBA004F23D5 /* PageContentViewController.m */,
				9A52581E1A17A53800945A37 /* CenterPageContentViewController.h */,
				9A52581F1A17A53800945A37 /* CenterPageContentViewController.m */,
				9A76BC7A1A17ACDD005988BF /* FirstLaunchViewController.h */,
				9A76BC7B1A17ACDD005988BF /* FirstLaunchViewController.m */,
				5A2518A91A17CFC500FB15D9 /* PhoneNumberViewController.h */,
				5A2518AA1A17CFC500FB15D9 /* PhoneNumberViewController.m */,
				9A52581C1A17A40B00945A37 /* Storyboard.storyboard */,
				5A2518311A170F1600FB15D9 /* Images.xcassets */,
				5A2518331A170F1600FB15D9 /* LaunchScreen.xib */,
				5A2518211A170F1600FB15D9 /* Supporting Files */,
			);
			path = Connect;
			sourceTree = "<group>";
		};
		5A2518211A170F1600FB15D9 /* Supporting Files */ = {
			isa = PBXGroup;
			children = (
				5A2518221A170F1600FB15D9 /* Info.plist */,
				5A2518231A170F1600FB15D9 /* main.m */,
			);
			name = "Supporting Files";
			sourceTree = "<group>";
		};
		5A25183D1A170F1600FB15D9 /* ConnectTests */ = {
			isa = PBXGroup;
			children = (
				5A2518401A170F1600FB15D9 /* ConnectTests.m */,
				5A25183E1A170F1600FB15D9 /* Supporting Files */,
			);
			path = ConnectTests;
			sourceTree = "<group>";
		};
		5A25183E1A170F1600FB15D9 /* Supporting Files */ = {
			isa = PBXGroup;
			children = (
				5A25183F1A170F1600FB15D9 /* Info.plist */,
			);
			name = "Supporting Files";
			sourceTree = "<group>";
		};
/* End PBXGroup section */

/* Begin PBXNativeTarget section */
		5A25181D1A170F1600FB15D9 /* Connect */ = {
			isa = PBXNativeTarget;
			buildConfigurationList = 5A2518441A170F1600FB15D9 /* Build configuration list for PBXNativeTarget "Connect" */;
			buildPhases = (
				5A25181A1A170F1600FB15D9 /* Sources */,
				5A25181B1A170F1600FB15D9 /* Frameworks */,
				5A25181C1A170F1600FB15D9 /* Resources */,
			);
			buildRules = (
			);
			dependencies = (
			);
			name = Connect;
			productName = Connect;
			productReference = 5A25181E1A170F1600FB15D9 /* Connect.app */;
			productType = "com.apple.product-type.application";
		};
		5A2518391A170F1600FB15D9 /* ConnectTests */ = {
			isa = PBXNativeTarget;
			buildConfigurationList = 5A2518471A170F1600FB15D9 /* Build configuration list for PBXNativeTarget "ConnectTests" */;
			buildPhases = (
				5A2518361A170F1600FB15D9 /* Sources */,
				5A2518371A170F1600FB15D9 /* Frameworks */,
				5A2518381A170F1600FB15D9 /* Resources */,
			);
			buildRules = (
			);
			dependencies = (
				5A25183C1A170F1600FB15D9 /* PBXTargetDependency */,
			);
			name = ConnectTests;
			productName = ConnectTests;
			productReference = 5A25183A1A170F1600FB15D9 /* ConnectTests.xctest */;
			productType = "com.apple.product-type.bundle.unit-test";
		};
/* End PBXNativeTarget section */

/* Begin PBXProject section */
		5A2518161A170F1600FB15D9 /* Project object */ = {
			isa = PBXProject;
			attributes = {
				LastUpgradeCheck = 0610;
				ORGANIZATIONNAME = Liu;
				TargetAttributes = {
					5A25181D1A170F1600FB15D9 = {
						CreatedOnToolsVersion = 6.1;
						DevelopmentTeam = 5PBDJVQUK2;
					};
					5A2518391A170F1600FB15D9 = {
						CreatedOnToolsVersion = 6.1;
						TestTargetID = 5A25181D1A170F1600FB15D9;
					};
				};
			};
			buildConfigurationList = 5A2518191A170F1600FB15D9 /* Build configuration list for PBXProject "Connect" */;
			compatibilityVersion = "Xcode 3.2";
			developmentRegion = English;
			hasScannedForEncodings = 0;
			knownRegions = (
				en,
				Base,
			);
			mainGroup = 5A2518151A170F1600FB15D9;
			productRefGroup = 5A25181F1A170F1600FB15D9 /* Products */;
			projectDirPath = "";
			projectRoot = "";
			targets = (
				5A25181D1A170F1600FB15D9 /* Connect */,
				5A2518391A170F1600FB15D9 /* ConnectTests */,
			);
		};
/* End PBXProject section */

/* Begin PBXResourcesBuildPhase section */
		5A25181C1A170F1600FB15D9 /* Resources */ = {
			isa = PBXResourcesBuildPhase;
			buildActionMask = 2147483647;
			files = (
				5A2518351A170F1600FB15D9 /* LaunchScreen.xib in Resources */,
				5A2518321A170F1600FB15D9 /* Images.xcassets in Resources */,
				9A52581D1A17A40B00945A37 /* Storyboard.storyboard in Resources */,
			);
			runOnlyForDeploymentPostprocessing = 0;
		};
		5A2518381A170F1600FB15D9 /* Resources */ = {
			isa = PBXResourcesBuildPhase;
			buildActionMask = 2147483647;
			files = (
			);
			runOnlyForDeploymentPostprocessing = 0;
		};
/* End PBXResourcesBuildPhase section */

/* Begin PBXSourcesBuildPhase section */
		5A25181A1A170F1600FB15D9 /* Sources */ = {
			isa = PBXSourcesBuildPhase;
			buildActionMask = 2147483647;
			files = (
				5A2518271A170F1600FB15D9 /* AppDelegate.m in Sources */,
				5A2518241A170F1600FB15D9 /* main.m in Sources */,
				9A268BD61A172DBA004F23D5 /* PageContentViewController.m in Sources */,
				5A2518AB1A17CFC500FB15D9 /* PhoneNumberViewController.m in Sources */,
				5A25182D1A170F1600FB15D9 /* ContainerViewController.m in Sources */,
				9A76BC7C1A17ACDD005988BF /* FirstLaunchViewController.m in Sources */,
				9A5258201A17A53800945A37 /* CenterPageContentViewController.m in Sources */,
			);
			runOnlyForDeploymentPostprocessing = 0;
		};
		5A2518361A170F1600FB15D9 /* Sources */ = {
			isa = PBXSourcesBuildPhase;
			buildActionMask = 2147483647;
			files = (
				5A2518411A170F1600FB15D9 /* ConnectTests.m in Sources */,
			);
			runOnlyForDeploymentPostprocessing = 0;
		};
/* End PBXSourcesBuildPhase section */

/* Begin PBXTargetDependency section */
		5A25183C1A170F1600FB15D9 /* PBXTargetDependency */ = {
			isa = PBXTargetDependency;
			target = 5A25181D1A170F1600FB15D9 /* Connect */;
			targetProxy = 5A25183B1A170F1600FB15D9 /* PBXContainerItemProxy */;
		};
/* End PBXTargetDependency section */

/* Begin PBXVariantGroup section */
		5A2518331A170F1600FB15D9 /* LaunchScreen.xib */ = {
			isa = PBXVariantGroup;
			children = (
				5A2518341A170F1600FB15D9 /* Base */,
			);
			name = LaunchScreen.xib;
			sourceTree = "<group>";
		};
/* End PBXVariantGroup section */

/* Begin XCBuildConfiguration section */
		5A2518421A170F1600FB15D9 /* Debug */ = {
			isa = XCBuildConfiguration;
			buildSettings = {
				ALWAYS_SEARCH_USER_PATHS = NO;
				CLANG_CXX_LANGUAGE_STANDARD = "gnu++0x";
				CLANG_CXX_LIBRARY = "libc++";
				CLANG_ENABLE_MODULES = YES;
				CLANG_ENABLE_OBJC_ARC = YES;
				CLANG_WARN_BOOL_CONVERSION = YES;
				CLANG_WARN_CONSTANT_CONVERSION = YES;
				CLANG_WARN_DIRECT_OBJC_ISA_USAGE = YES_ERROR;
				CLANG_WARN_EMPTY_BODY = YES;
				CLANG_WARN_ENUM_CONVERSION = YES;
				CLANG_WARN_INT_CONVERSION = YES;
				CLANG_WARN_OBJC_ROOT_CLASS = YES_ERROR;
				CLANG_WARN_UNREACHABLE_CODE = YES;
				CLANG_WARN__DUPLICATE_METHOD_MATCH = YES;
				"CODE_SIGN_IDENTITY[sdk=iphoneos*]" = "iPhone Developer";
				COPY_PHASE_STRIP = NO;
				ENABLE_STRICT_OBJC_MSGSEND = YES;
				GCC_C_LANGUAGE_STANDARD = gnu99;
				GCC_DYNAMIC_NO_PIC = NO;
				GCC_OPTIMIZATION_LEVEL = 0;
				GCC_PREPROCESSOR_DEFINITIONS = (
					"DEBUG=1",
					"$(inherited)",
				);
				GCC_SYMBOLS_PRIVATE_EXTERN = NO;
				GCC_WARN_64_TO_32_BIT_CONVERSION = YES;
				GCC_WARN_ABOUT_RETURN_TYPE = YES_ERROR;
				GCC_WARN_UNDECLARED_SELECTOR = YES;
				GCC_WARN_UNINITIALIZED_AUTOS = YES_AGGRESSIVE;
				GCC_WARN_UNUSED_FUNCTION = YES;
				GCC_WARN_UNUSED_VARIABLE = YES;
				IPHONEOS_DEPLOYMENT_TARGET = 8.1;
				MTL_ENABLE_DEBUG_INFO = YES;
				ONLY_ACTIVE_ARCH = YES;
				SDKROOT = iphoneos;
				TARGETED_DEVICE_FAMILY = "1,2";
			};
			name = Debug;
		};
		5A2518431A170F1600FB15D9 /* Release */ = {
			isa = XCBuildConfiguration;
			buildSettings = {
				ALWAYS_SEARCH_USER_PATHS = NO;
				CLANG_CXX_LANGUAGE_STANDARD = "gnu++0x";
				CLANG_CXX_LIBRARY = "libc++";
				CLANG_ENABLE_MODULES = YES;
				CLANG_ENABLE_OBJC_ARC = YES;
				CLANG_WARN_BOOL_CONVERSION = YES;
				CLANG_WARN_CONSTANT_CONVERSION = YES;
				CLANG_WARN_DIRECT_OBJC_ISA_USAGE = YES_ERROR;
				CLANG_WARN_EMPTY_BODY = YES;
				CLANG_WARN_ENUM_CONVERSION = YES;
				CLANG_WARN_INT_CONVERSION = YES;
				CLANG_WARN_OBJC_ROOT_CLASS = YES_ERROR;
				CLANG_WARN_UNREACHABLE_CODE = YES;
				CLANG_WARN__DUPLICATE_METHOD_MATCH = YES;
				"CODE_SIGN_IDENTITY[sdk=iphoneos*]" = "iPhone Developer";
				COPY_PHASE_STRIP = YES;
				ENABLE_NS_ASSERTIONS = NO;
				ENABLE_STRICT_OBJC_MSGSEND = YES;
				GCC_C_LANGUAGE_STANDARD = gnu99;
				GCC_WARN_64_TO_32_BIT_CONVERSION = YES;
				GCC_WARN_ABOUT_RETURN_TYPE = YES_ERROR;
				GCC_WARN_UNDECLARED_SELECTOR = YES;
				GCC_WARN_UNINITIALIZED_AUTOS = YES_AGGRESSIVE;
				GCC_WARN_UNUSED_FUNCTION = YES;
				GCC_WARN_UNUSED_VARIABLE = YES;
				IPHONEOS_DEPLOYMENT_TARGET = 8.1;
				MTL_ENABLE_DEBUG_INFO = NO;
				SDKROOT = iphoneos;
				TARGETED_DEVICE_FAMILY = "1,2";
				VALIDATE_PRODUCT = YES;
			};
			name = Release;
		};
		5A2518451A170F1600FB15D9 /* Debug */ = {
			isa = XCBuildConfiguration;
			buildSettings = {
				ASSETCATALOG_COMPILER_APPICON_NAME = AppIcon;
				CODE_SIGN_IDENTITY = "iPhone Developer";
				"CODE_SIGN_IDENTITY[sdk=iphoneos*]" = "iPhone Developer";
				FRAMEWORK_SEARCH_PATHS = (
					"$(inherited)",
					"$(PROJECT_DIR)",
				);
				INFOPLIST_FILE = Connect/Info.plist;
				LD_RUNPATH_SEARCH_PATHS = "$(inherited) @executable_path/Frameworks";
				PRODUCT_NAME = "$(TARGET_NAME)";
				PROVISIONING_PROFILE = "";
			};
			name = Debug;
		};
		5A2518461A170F1600FB15D9 /* Release */ = {
			isa = XCBuildConfiguration;
			buildSettings = {
				ASSETCATALOG_COMPILER_APPICON_NAME = AppIcon;
				CODE_SIGN_IDENTITY = "iPhone Developer";
				"CODE_SIGN_IDENTITY[sdk=iphoneos*]" = "iPhone Developer";
				FRAMEWORK_SEARCH_PATHS = (
					"$(inherited)",
					"$(PROJECT_DIR)",
				);
				INFOPLIST_FILE = Connect/Info.plist;
				LD_RUNPATH_SEARCH_PATHS = "$(inherited) @executable_path/Frameworks";
				PRODUCT_NAME = "$(TARGET_NAME)";
				PROVISIONING_PROFILE = "";
			};
			name = Release;
		};
		5A2518481A170F1600FB15D9 /* Debug */ = {
			isa = XCBuildConfiguration;
			buildSettings = {
				BUNDLE_LOADER = "$(TEST_HOST)";
				FRAMEWORK_SEARCH_PATHS = (
					"$(SDKROOT)/Developer/Library/Frameworks",
					"$(inherited)",
				);
				GCC_PREPROCESSOR_DEFINITIONS = (
					"DEBUG=1",
					"$(inherited)",
				);
				INFOPLIST_FILE = ConnectTests/Info.plist;
				LD_RUNPATH_SEARCH_PATHS = "$(inherited) @executable_path/Frameworks @loader_path/Frameworks";
				PRODUCT_NAME = "$(TARGET_NAME)";
				TEST_HOST = "$(BUILT_PRODUCTS_DIR)/Connect.app/Connect";
			};
			name = Debug;
		};
		5A2518491A170F1600FB15D9 /* Release */ = {
			isa = XCBuildConfiguration;
			buildSettings = {
				BUNDLE_LOADER = "$(TEST_HOST)";
				FRAMEWORK_SEARCH_PATHS = (
					"$(SDKROOT)/Developer/Library/Frameworks",
					"$(inherited)",
				);
				INFOPLIST_FILE = ConnectTests/Info.plist;
				LD_RUNPATH_SEARCH_PATHS = "$(inherited) @executable_path/Frameworks @loader_path/Frameworks";
				PRODUCT_NAME = "$(TARGET_NAME)";
				TEST_HOST = "$(BUILT_PRODUCTS_DIR)/Connect.app/Connect";
			};
			name = Release;
		};
/* End XCBuildConfiguration section */

/* Begin XCConfigurationList section */
		5A2518191A170F1600FB15D9 /* Build configuration list for PBXProject "Connect" */ = {
			isa = XCConfigurationList;
			buildConfigurations = (
				5A2518421A170F1600FB15D9 /* Debug */,
				5A2518431A170F1600FB15D9 /* Release */,
			);
			defaultConfigurationIsVisible = 0;
			defaultConfigurationName = Release;
		};
		5A2518441A170F1600FB15D9 /* Build configuration list for PBXNativeTarget "Connect" */ = {
			isa = XCConfigurationList;
			buildConfigurations = (
				5A2518451A170F1600FB15D9 /* Debug */,
				5A2518461A170F1600FB15D9 /* Release */,
			);
			defaultConfigurationIsVisible = 0;
			defaultConfigurationName = Release;
		};
		5A2518471A170F1600FB15D9 /* Build configuration list for PBXNativeTarget "ConnectTests" */ = {
			isa = XCConfigurationList;
			buildConfigurations = (
				5A2518481A170F1600FB15D9 /* Debug */,
				5A2518491A170F1600FB15D9 /* Release */,
			);
			defaultConfigurationIsVisible = 0;
			defaultConfigurationName = Release;
		};
/* End XCConfigurationList section */
	};
	rootObject = 5A2518161A170F1600FB15D9 /* Project object */;
}
